
Microsoft Visual Studio Solution File, Format Version 12.00
# Visual Studio 14
VisualStudioVersion = 14.0.25420.1
MinimumVisualStudioVersion = 10.0.40219.1
Project("{2150E333-8FDC-42A3-9474-1A3956D46DE8}") = "Solution Items", "Solution Items", "{818C252D-9D30-464F-9440-A347F2AB8463}"
	ProjectSection(SolutionItems) = preProject
		TFSAdministrationTool.testrunconfig = TFSAdministrationTool.testrunconfig
		TFSAdministrationTool.vsmdi = TFSAdministrationTool.vsmdi
	EndProjectSection
EndProject
Project("{FAE04EC0-301F-11D3-BF4B-00C04F79EFBC}") = "TFSAdministrationTool.Proxy", "TFSAdministrationTool.Proxy\TFSAdministrationTool.Proxy.csproj", "{133EA789-B02B-4179-8C77-679BCA74C7EC}"
EndProject
Project("{FAE04EC0-301F-11D3-BF4B-00C04F79EFBC}") = "TFSAdministrationTool", "TFSAdministrationTool\TFSAdministrationTool.csproj", "{7E6C7C9D-6A79-4D89-8627-01A8CD58E4F2}"
EndProject
Project("{930C7802-8A8C-48F9-8165-68863BCCD9DD}") = "TSFAdministrationTool.Setup", "TFSAdministrationTool.Setup\TSFAdministrationTool.Setup.wixproj", "{BF77919A-60B1-4D64-8898-6E58824784E1}"
	ProjectSection(ProjectDependencies) = postProject
		{133EA789-B02B-4179-8C77-679BCA74C7EC} = {133EA789-B02B-4179-8C77-679BCA74C7EC}
		{7E6C7C9D-6A79-4D89-8627-01A8CD58E4F2} = {7E6C7C9D-6A79-4D89-8627-01A8CD58E4F2}
	EndProjectSection
EndProject
Project("{FAE04EC0-301F-11D3-BF4B-00C04F79EFBC}") = "TFSAdministrationTool.Tests", "TFSAdministrationTool.Tests\TFSAdministrationTool.Tests.csproj", "{79048740-D07E-4D7E-B4E5-607868D8EAAD}"
EndProject
Global
	GlobalSection(SolutionConfigurationPlatforms) = preSolution
		Debug|Any CPU = Debug|Any CPU
		Debug|x86 = Debug|x86
		Release|Any CPU = Release|Any CPU
		Release|x86 = Release|x86
	EndGlobalSection
	GlobalSection(ProjectConfigurationPlatforms) = postSolution
		{133EA789-B02B-4179-8C77-679BCA74C7EC}.Debug|Any CPU.ActiveCfg = Debug|Any CPU
		{133EA789-B02B-4179-8C77-679BCA74C7EC}.Debug|Any CPU.Build.0 = Debug|Any CPU
		{133EA789-B02B-4179-8C77-679BCA74C7EC}.Debug|x86.ActiveCfg = Debug|x86
		{133EA789-B02B-4179-8C77-679BCA74C7EC}.Debug|x86.Build.0 = Debug|x86
		{133EA789-B02B-4179-8C77-679BCA74C7EC}.Release|Any CPU.ActiveCfg = Release|Any CPU
		{133EA789-B02B-4179-8C77-679BCA74C7EC}.Release|Any CPU.Build.0 = Release|Any CPU
		{133EA789-B02B-4179-8C77-679BCA74C7EC}.Release|x86.ActiveCfg = Release|x86
		{133EA789-B02B-4179-8C77-679BCA74C7EC}.Release|x86.Build.0 = Release|x86
		{7E6C7C9D-6A79-4D89-8627-01A8CD58E4F2}.Debug|Any CPU.ActiveCfg = Debug|Any CPU
		{7E6C7C9D-6A79-4D89-8627-01A8CD58E4F2}.Debug|Any CPU.Build.0 = Debug|Any CPU
		{7E6C7C9D-6A79-4D89-8627-01A8CD58E4F2}.Debug|x86.ActiveCfg = Debug|x86
		{7E6C7C9D-6A79-4D89-8627-01A8CD58E4F2}.Debug|x86.Build.0 = Debug|x86
		{7E6C7C9D-6A79-4D89-8627-01A8CD58E4F2}.Release|Any CPU.ActiveCfg = Release|Any CPU
		{7E6C7C9D-6A79-4D89-8627-01A8CD58E4F2}.Release|Any CPU.Build.0 = Release|Any CPU
		{7E6C7C9D-6A79-4D89-8627-01A8CD58E4F2}.Release|x86.ActiveCfg = Release|x86
		{7E6C7C9D-6A79-4D89-8627-01A8CD58E4F2}.Release|x86.Build.0 = Release|x86
		{BF77919A-60B1-4D64-8898-6E58824784E1}.Debug|Any CPU.ActiveCfg = Debug|x86
		{BF77919A-60B1-4D64-8898-6E58824784E1}.Debug|x86.ActiveCfg = Debug|x86
		{BF77919A-60B1-4D64-8898-6E58824784E1}.Debug|x86.Build.0 = Debug|x86
		{BF77919A-60B1-4D64-8898-6E58824784E1}.Release|Any CPU.ActiveCfg = Release|x86
		{BF77919A-60B1-4D64-8898-6E58824784E1}.Release|Any CPU.Build.0 = Release|x86
		{BF77919A-60B1-4D64-8898-6E58824784E1}.Release|x86.ActiveCfg = Release|x86
		{BF77919A-60B1-4D64-8898-6E58824784E1}.Release|x86.Build.0 = Release|x86
		{79048740-D07E-4D7E-B4E5-607868D8EAAD}.Debug|Any CPU.ActiveCfg = Debug|Any CPU
		{79048740-D07E-4D7E-B4E5-607868D8EAAD}.Debug|Any CPU.Build.0 = Debug|Any CPU
		{79048740-D07E-4D7E-B4E5-607868D8EAAD}.Debug|x86.ActiveCfg = Debug|x86
		{79048740-D07E-4D7E-B4E5-607868D8EAAD}.Debug|x86.Build.0 = Debug|x86
		{79048740-D07E-4D7E-B4E5-607868D8EAAD}.Release|Any CPU.ActiveCfg = Release|Any CPU
		{79048740-D07E-4D7E-B4E5-607868D8EAAD}.Release|Any CPU.Build.0 = Release|Any CPU
		{79048740-D07E-4D7E-B4E5-607868D8EAAD}.Release|x86.ActiveCfg = Release|x86
		{79048740-D07E-4D7E-B4E5-607868D8EAAD}.Release|x86.Build.0 = Release|x86
	EndGlobalSection
	GlobalSection(SolutionProperties) = preSolution
		HideSolutionNode = FALSE
	EndGlobalSection
	GlobalSection(TestCaseManagementSettings) = postSolution
		CategoryFile = TFSAdministrationTool.vsmdi
	EndGlobalSection
EndGlobal
